
Microsoft Visual Studio Solution File, Format Version 12.00
# Visual Studio 15
VisualStudioVersion = 15.0.26730.15
MinimumVisualStudioVersion = 10.0.40219.1
Project("{8BC9CEB8-8B4A-11D0-8D11-00A0C91BC942}") = "Unicode", "Unicode\Unicode.vcxproj", "{868A191E-A7D5-4050-88F2-4ADADD392626}"
EndProject
Global
	GlobalSection(SolutionConfigurationPlatforms) = preSolution
		Debug|x64 = Debug|x64
		Debug|x86 = Debug|x86
		Release|x64 = Release|x64
		Release|x86 = Release|x86
	EndGlobalSection
	GlobalSection(ProjectConfigurationPlatforms) = postSolution
		{868A191E-A7D5-4050-88F2-4ADADD392626}.Debug|x64.ActiveCfg = Debug|x64
		{868A191E-A7D5-4050-88F2-4ADADD392626}.Debug|x64.Build.0 = Debug|x64
		{868A191E-A7D5-4050-88F2-4ADADD392626}.Debug|x86.ActiveCfg = Debug|Win32
		{868A191E-A7D5-4050-88F2-4ADADD392626}.Debug|x86.Build.0 = Debug|Win32
		{868A191E-A7D5-4050-88F2-4ADADD392626}.Release|x64.ActiveCfg = Release|x64
		{868A191E-A7D5-4050-88F2-4ADADD392626}.Release|x64.Build.0 = Release|x64
		{868A191E-A7D5-4050-88F2-4ADADD392626}.Release|x86.ActiveCfg = Release|Win32
		{868A191E-A7D5-4050-88F2-4ADADD392626}.Release|x86.Build.0 = Release|Win32
	EndGlobalSection
	GlobalSection(SolutionProperties) = preSolution
		HideSolutionNode = FALSE
	EndGlobalSection
	GlobalSection(ExtensibilityGlobals) = postSolution
		SolutionGuid = {FBB0DC57-4AC4-401B-A57D-3BBE3E24D92C}
	EndGlobalSection
EndGlobal
